
Microsoft Visual Studio Solution File, Format Version 12.00
# Visual Studio Version 17
VisualStudioVersion = 17.8.34330.188
MinimumVisualStudioVersion = 10.0.40219.1
Project("{9A19103F-16F7-4668-BE54-9A1E7A4F7556}") = "Enscape.Integration.CodingChallenge", "Enscape.Integration.CodingChallenge\Enscape.Integration.CodingChallenge.csproj", "{85772886-723E-473D-BA40-C3199C773FD3}"
EndProject
Project("{9A19103F-16F7-4668-BE54-9A1E7A4F7556}") = "Enscape.Integration.CodingChallenge.Tests", "Enscape.Integration.CodingChallenge.Tests\Enscape.Integration.CodingChallenge.Tests.csproj", "{80D1A584-F393-41CF-ACB3-451DD8609EAB}"
EndProject
Project("{9A19103F-16F7-4668-BE54-9A1E7A4F7556}") = "Enscape.Integration.CodingChallenge.Executor", "Enscape.Integration.CodingChallenge.Executor\Enscape.Integration.CodingChallenge.Executor.csproj", "{1663BE59-F370-43DC-B64F-5BAB505BB13E}"
EndProject
Project("{2150E333-8FDC-42A3-9474-1A3956D46DE8}") = "Solution Items", "Solution Items", "{2D5CFC34-EB41-4191-9CA1-8FD3251FBFF6}"
	ProjectSection(SolutionItems) = preProject
		readme.md = readme.md
	EndProjectSection
EndProject
Global
	GlobalSection(SolutionConfigurationPlatforms) = preSolution
		Debug|Any CPU = Debug|Any CPU
		Release|Any CPU = Release|Any CPU
	EndGlobalSection
	GlobalSection(ProjectConfigurationPlatforms) = postSolution
		{85772886-723E-473D-BA40-C3199C773FD3}.Debug|Any CPU.ActiveCfg = Debug|Any CPU
		{85772886-723E-473D-BA40-C3199C773FD3}.Debug|Any CPU.Build.0 = Debug|Any CPU
		{85772886-723E-473D-BA40-C3199C773FD3}.Release|Any CPU.ActiveCfg = Release|Any CPU
		{85772886-723E-473D-BA40-C3199C773FD3}.Release|Any CPU.Build.0 = Release|Any CPU
		{80D1A584-F393-41CF-ACB3-451DD8609EAB}.Debug|Any CPU.ActiveCfg = Debug|Any CPU
		{80D1A584-F393-41CF-ACB3-451DD8609EAB}.Debug|Any CPU.Build.0 = Debug|Any CPU
		{80D1A584-F393-41CF-ACB3-451DD8609EAB}.Release|Any CPU.ActiveCfg = Release|Any CPU
		{80D1A584-F393-41CF-ACB3-451DD8609EAB}.Release|Any CPU.Build.0 = Release|Any CPU
		{1663BE59-F370-43DC-B64F-5BAB505BB13E}.Debug|Any CPU.ActiveCfg = Debug|Any CPU
		{1663BE59-F370-43DC-B64F-5BAB505BB13E}.Debug|Any CPU.Build.0 = Debug|Any CPU
		{1663BE59-F370-43DC-B64F-5BAB505BB13E}.Release|Any CPU.ActiveCfg = Release|Any CPU
		{1663BE59-F370-43DC-B64F-5BAB505BB13E}.Release|Any CPU.Build.0 = Release|Any CPU
	EndGlobalSection
	GlobalSection(SolutionProperties) = preSolution
		HideSolutionNode = FALSE
	EndGlobalSection
	GlobalSection(ExtensibilityGlobals) = postSolution
		SolutionGuid = {D449FDD9-8A82-4D3B-8284-92D1743C4BB5}
	EndGlobalSection
EndGlobal
